
Microsoft Visual Studio Solution File, Format Version 12.00
# Visual Studio 15
VisualStudioVersion = 15.0.28307.168
MinimumVisualStudioVersion = 10.0.40219.1
Project("{FAE04EC0-301F-11D3-BF4B-00C04F79EFBC}") = "Market", "Market\Market.csproj", "{43379B9E-5F60-4F85-AB78-D88B592D8834}"
EndProject
Global
	GlobalSection(SolutionConfigurationPlatforms) = preSolution
		Debug|Any CPU = Debug|Any CPU
		Release|Any CPU = Release|Any CPU
	EndGlobalSection
	GlobalSection(ProjectConfigurationPlatforms) = postSolution
		{43379B9E-5F60-4F85-AB78-D88B592D8834}.Debug|Any CPU.ActiveCfg = Debug|Any CPU
		{43379B9E-5F60-4F85-AB78-D88B592D8834}.Debug|Any CPU.Build.0 = Debug|Any CPU
		{43379B9E-5F60-4F85-AB78-D88B592D8834}.Release|Any CPU.ActiveCfg = Release|Any CPU
		{43379B9E-5F60-4F85-AB78-D88B592D8834}.Release|Any CPU.Build.0 = Release|Any CPU
	EndGlobalSection
	GlobalSection(SolutionProperties) = preSolution
		HideSolutionNode = FALSE
	EndGlobalSection
	GlobalSection(ExtensibilityGlobals) = postSolution
		SolutionGuid = {9E1F8B40-2A9E-4C2E-BC7E-255E3F8A47EF}
	EndGlobalSection
EndGlobal
